Microsoft Visual Studio Solution File, Format Version 8.00
Project("{EAF909A5-FA59-4C3D-9431-0FCC20D5BCF9}") = "DDscat", "DDscat\DDscat.icproj", "{2D944923-8796-4464-BCDE-ACCD794343EC}"
	ProjectSection(ProjectDependencies) = postProject
		{F373C13D-16E8-4E96-A5DC-E51818385FC9} = {F373C13D-16E8-4E96-A5DC-E51818385FC9}
		{47C24884-4F4E-49AB-B7B8-EF0549B5C4DA} = {47C24884-4F4E-49AB-B7B8-EF0549B5C4DA}
		{35C35189-1018-4C4C-B3B2-38606BCD552D} = {35C35189-1018-4C4C-B3B2-38606BCD552D}
		{C9AF939A-0D37-477F-843B-4FC3C375714E} = {C9AF939A-0D37-477F-843B-4FC3C375714E}
		{E2F961FE-6710-4A46-A2CF-EEC61716E545} = {E2F961FE-6710-4A46-A2CF-EEC61716E545}
	EndProjectSection
EndProject
Project("{EAF909A5-FA59-4C3D-9431-0FCC20D5BCF9}") = "General", "General\General.icproj", "{621347EA-EE5D-49B7-9517-B7449C590B8F}"
	ProjectSection(ProjectDependencies) = postProject
	EndProjectSection
EndProject
Project("{EAF909A5-FA59-4C3D-9431-0FCC20D5BCF9}") = "CallTarget", "CallTarget\CallTarget.icproj", "{23081DDD-8085-40C9-9310-6DC6246C3529}"
	ProjectSection(ProjectDependencies) = postProject
		{49FB60CB-0B1E-47FB-8263-CF60D5A1A83D} = {49FB60CB-0B1E-47FB-8263-CF60D5A1A83D}
		{621347EA-EE5D-49B7-9517-B7449C590B8F} = {621347EA-EE5D-49B7-9517-B7449C590B8F}
	EndProjectSection
EndProject
Project("{EAF909A5-FA59-4C3D-9431-0FCC20D5BCF9}") = "Targetlib", "Targetlib\Targetlib.icproj", "{49FB60CB-0B1E-47FB-8263-CF60D5A1A83D}"
	ProjectSection(ProjectDependencies) = postProject
	EndProjectSection
EndProject
Project("{EAF909A5-FA59-4C3D-9431-0FCC20D5BCF9}") = "Vtrlib", "Vtrlib\Vtrlib.icproj", "{4B87FC4E-4BBC-4A71-A6B4-849D3CA598AF}"
	ProjectSection(ProjectDependencies) = postProject
	EndProjectSection
EndProject
Project("{EAF909A5-FA59-4C3D-9431-0FCC20D5BCF9}") = "VtrConvert", "VtrConvert\VtrConvert.icproj", "{54352894-709D-4778-831E-D7C324A7B6E2}"
	ProjectSection(ProjectDependencies) = postProject
		{4B87FC4E-4BBC-4A71-A6B4-849D3CA598AF} = {4B87FC4E-4BBC-4A71-A6B4-849D3CA598AF}
	EndProjectSection
EndProject
Project("{EAF909A5-FA59-4C3D-9431-0FCC20D5BCF9}") = "TestDDscat", "TestDDscat\TestDDscat.icproj", "{A8EADCC8-B167-45AF-95F3-9B336E19B5CB}"
	ProjectSection(ProjectDependencies) = postProject
	EndProjectSection
EndProject
Project("{EAF909A5-FA59-4C3D-9431-0FCC20D5BCF9}") = "Solverlib", "Solverlib\Solverlib.icproj", "{E2F961FE-6710-4A46-A2CF-EEC61716E545}"
	ProjectSection(ProjectDependencies) = postProject
		{621347EA-EE5D-49B7-9517-B7449C590B8F} = {621347EA-EE5D-49B7-9517-B7449C590B8F}
	EndProjectSection
EndProject
Project("{EAF909A5-FA59-4C3D-9431-0FCC20D5BCF9}") = "Fourierlib", "Fourierlib\Fourierlib.icproj", "{47C24884-4F4E-49AB-B7B8-EF0549B5C4DA}"
	ProjectSection(ProjectDependencies) = postProject
		{621347EA-EE5D-49B7-9517-B7449C590B8F} = {621347EA-EE5D-49B7-9517-B7449C590B8F}
	EndProjectSection
EndProject
Project("{EAF909A5-FA59-4C3D-9431-0FCC20D5BCF9}") = "Postprocess", "Postprocess\Postprocess.icproj", "{35C35189-1018-4C4C-B3B2-38606BCD552D}"
	ProjectSection(ProjectDependencies) = postProject
		{4B87FC4E-4BBC-4A71-A6B4-849D3CA598AF} = {4B87FC4E-4BBC-4A71-A6B4-849D3CA598AF}
		{B6744C96-F0B6-4674-A1E5-B2C921EFD7EC} = {B6744C96-F0B6-4674-A1E5-B2C921EFD7EC}
		{621347EA-EE5D-49B7-9517-B7449C590B8F} = {621347EA-EE5D-49B7-9517-B7449C590B8F}
	EndProjectSection
EndProject
Project("{EAF909A5-FA59-4C3D-9431-0FCC20D5BCF9}") = "Readnf1", "Readnf1\Readnf1.icproj", "{C9AF939A-0D37-477F-843B-4FC3C375714E}"
	ProjectSection(ProjectDependencies) = postProject
		{B6744C96-F0B6-4674-A1E5-B2C921EFD7EC} = {B6744C96-F0B6-4674-A1E5-B2C921EFD7EC}
		{621347EA-EE5D-49B7-9517-B7449C590B8F} = {621347EA-EE5D-49B7-9517-B7449C590B8F}
	EndProjectSection
EndProject
Project("{EAF909A5-FA59-4C3D-9431-0FCC20D5BCF9}") = "Readnf2", "Readnf2\Readnf2.icproj", "{F373C13D-16E8-4E96-A5DC-E51818385FC9}"
	ProjectSection(ProjectDependencies) = postProject
		{B6744C96-F0B6-4674-A1E5-B2C921EFD7EC} = {B6744C96-F0B6-4674-A1E5-B2C921EFD7EC}
		{621347EA-EE5D-49B7-9517-B7449C590B8F} = {621347EA-EE5D-49B7-9517-B7449C590B8F}
	EndProjectSection
EndProject
Project("{EAF909A5-FA59-4C3D-9431-0FCC20D5BCF9}") = "Processlib", "Processlib\Processlib.icproj", "{B6744C96-F0B6-4674-A1E5-B2C921EFD7EC}"
	ProjectSection(ProjectDependencies) = postProject
		{4B87FC4E-4BBC-4A71-A6B4-849D3CA598AF} = {4B87FC4E-4BBC-4A71-A6B4-849D3CA598AF}
		{621347EA-EE5D-49B7-9517-B7449C590B8F} = {621347EA-EE5D-49B7-9517-B7449C590B8F}
	EndProjectSection
EndProject
Global
	GlobalSection(SolutionConfiguration) = preSolution
		Debug = Debug
		Release = Release
	EndGlobalSection
	GlobalSection(ProjectConfiguration) = postSolution
		{2D944923-8796-4464-BCDE-ACCD794343EC}.Debug.ActiveCfg = Debug|Win32
		{2D944923-8796-4464-BCDE-ACCD794343EC}.Debug.Build.0 = Debug|Win32
		{2D944923-8796-4464-BCDE-ACCD794343EC}.Release.ActiveCfg = Release|Win32
		{2D944923-8796-4464-BCDE-ACCD794343EC}.Release.Build.0 = Release|Win32
		{621347EA-EE5D-49B7-9517-B7449C590B8F}.Debug.ActiveCfg = Debug|Win32
		{621347EA-EE5D-49B7-9517-B7449C590B8F}.Debug.Build.0 = Debug|Win32
		{621347EA-EE5D-49B7-9517-B7449C590B8F}.Release.ActiveCfg = Release|Win32
		{621347EA-EE5D-49B7-9517-B7449C590B8F}.Release.Build.0 = Release|Win32
		{23081DDD-8085-40C9-9310-6DC6246C3529}.Debug.ActiveCfg = Debug|Win32
		{23081DDD-8085-40C9-9310-6DC6246C3529}.Debug.Build.0 = Debug|Win32
		{23081DDD-8085-40C9-9310-6DC6246C3529}.Release.ActiveCfg = Release|Win32
		{23081DDD-8085-40C9-9310-6DC6246C3529}.Release.Build.0 = Release|Win32
		{49FB60CB-0B1E-47FB-8263-CF60D5A1A83D}.Debug.ActiveCfg = Debug|Win32
		{49FB60CB-0B1E-47FB-8263-CF60D5A1A83D}.Debug.Build.0 = Debug|Win32
		{49FB60CB-0B1E-47FB-8263-CF60D5A1A83D}.Release.ActiveCfg = Release|Win32
		{49FB60CB-0B1E-47FB-8263-CF60D5A1A83D}.Release.Build.0 = Release|Win32
		{4B87FC4E-4BBC-4A71-A6B4-849D3CA598AF}.Debug.ActiveCfg = Debug|Win32
		{4B87FC4E-4BBC-4A71-A6B4-849D3CA598AF}.Debug.Build.0 = Debug|Win32
		{4B87FC4E-4BBC-4A71-A6B4-849D3CA598AF}.Release.ActiveCfg = Release|Win32
		{4B87FC4E-4BBC-4A71-A6B4-849D3CA598AF}.Release.Build.0 = Release|Win32
		{54352894-709D-4778-831E-D7C324A7B6E2}.Debug.ActiveCfg = Debug|Win32
		{54352894-709D-4778-831E-D7C324A7B6E2}.Debug.Build.0 = Debug|Win32
		{54352894-709D-4778-831E-D7C324A7B6E2}.Release.ActiveCfg = Release|Win32
		{54352894-709D-4778-831E-D7C324A7B6E2}.Release.Build.0 = Release|Win32
		{A8EADCC8-B167-45AF-95F3-9B336E19B5CB}.Debug.ActiveCfg = Debug|Win32
		{A8EADCC8-B167-45AF-95F3-9B336E19B5CB}.Debug.Build.0 = Debug|Win32
		{A8EADCC8-B167-45AF-95F3-9B336E19B5CB}.Release.ActiveCfg = Release|Win32
		{A8EADCC8-B167-45AF-95F3-9B336E19B5CB}.Release.Build.0 = Release|Win32
		{E2F961FE-6710-4A46-A2CF-EEC61716E545}.Debug.ActiveCfg = Debug|Win32
		{E2F961FE-6710-4A46-A2CF-EEC61716E545}.Debug.Build.0 = Debug|Win32
		{E2F961FE-6710-4A46-A2CF-EEC61716E545}.Release.ActiveCfg = Release|Win32
		{E2F961FE-6710-4A46-A2CF-EEC61716E545}.Release.Build.0 = Release|Win32
		{47C24884-4F4E-49AB-B7B8-EF0549B5C4DA}.Debug.ActiveCfg = Debug|Win32
		{47C24884-4F4E-49AB-B7B8-EF0549B5C4DA}.Debug.Build.0 = Debug|Win32
		{47C24884-4F4E-49AB-B7B8-EF0549B5C4DA}.Release.ActiveCfg = Release|Win32
		{47C24884-4F4E-49AB-B7B8-EF0549B5C4DA}.Release.Build.0 = Release|Win32
		{35C35189-1018-4C4C-B3B2-38606BCD552D}.Debug.ActiveCfg = Debug|Win32
		{35C35189-1018-4C4C-B3B2-38606BCD552D}.Debug.Build.0 = Debug|Win32
		{35C35189-1018-4C4C-B3B2-38606BCD552D}.Release.ActiveCfg = Release|Win32
		{35C35189-1018-4C4C-B3B2-38606BCD552D}.Release.Build.0 = Release|Win32
		{C9AF939A-0D37-477F-843B-4FC3C375714E}.Debug.ActiveCfg = Debug|Win32
		{C9AF939A-0D37-477F-843B-4FC3C375714E}.Debug.Build.0 = Debug|Win32
		{C9AF939A-0D37-477F-843B-4FC3C375714E}.Release.ActiveCfg = Release|Win32
		{C9AF939A-0D37-477F-843B-4FC3C375714E}.Release.Build.0 = Release|Win32
		{F373C13D-16E8-4E96-A5DC-E51818385FC9}.Debug.ActiveCfg = Debug|Win32
		{F373C13D-16E8-4E96-A5DC-E51818385FC9}.Debug.Build.0 = Debug|Win32
		{F373C13D-16E8-4E96-A5DC-E51818385FC9}.Release.ActiveCfg = Release|Win32
		{F373C13D-16E8-4E96-A5DC-E51818385FC9}.Release.Build.0 = Release|Win32
		{B6744C96-F0B6-4674-A1E5-B2C921EFD7EC}.Debug.ActiveCfg = Debug|Win32
		{B6744C96-F0B6-4674-A1E5-B2C921EFD7EC}.Debug.Build.0 = Debug|Win32
		{B6744C96-F0B6-4674-A1E5-B2C921EFD7EC}.Release.ActiveCfg = Release|Win32
		{B6744C96-F0B6-4674-A1E5-B2C921EFD7EC}.Release.Build.0 = Release|Win32
		{9C7BE35B-E922-459E-BE47-3D6C1A1F3A51}.Debug.ActiveCfg = Debug|Win32
		{9C7BE35B-E922-459E-BE47-3D6C1A1F3A51}.Debug.Build.0 = Debug|Win32
		{9C7BE35B-E922-459E-BE47-3D6C1A1F3A51}.Release.ActiveCfg = Release|Win32
		{9C7BE35B-E922-459E-BE47-3D6C1A1F3A51}.Release.Build.0 = Release|Win32
		{B2A7A0E0-90D0-4002-AFB8-B17554F623AD}.Debug.ActiveCfg = Debug|Win32
		{B2A7A0E0-90D0-4002-AFB8-B17554F623AD}.Debug.Build.0 = Debug|Win32
		{B2A7A0E0-90D0-4002-AFB8-B17554F623AD}.Release.ActiveCfg = Release|Win32
		{B2A7A0E0-90D0-4002-AFB8-B17554F623AD}.Release.Build.0 = Release|Win32
		{76AD85E5-8D53-487F-931B-AFFD86D9E1AC}.Debug.ActiveCfg = Debug|Win32
		{76AD85E5-8D53-487F-931B-AFFD86D9E1AC}.Debug.Build.0 = Debug|Win32
		{76AD85E5-8D53-487F-931B-AFFD86D9E1AC}.Release.ActiveCfg = Release|Win32
		{76AD85E5-8D53-487F-931B-AFFD86D9E1AC}.Release.Build.0 = Release|Win32
		{D26EAA9B-A66F-437E-8738-6B18FB34E5A1}.Debug.ActiveCfg = Debug|Win32
		{D26EAA9B-A66F-437E-8738-6B18FB34E5A1}.Debug.Build.0 = Debug|Win32
		{D26EAA9B-A66F-437E-8738-6B18FB34E5A1}.Release.ActiveCfg = Release|Win32
		{D26EAA9B-A66F-437E-8738-6B18FB34E5A1}.Release.Build.0 = Release|Win32
		{9827A01F-4603-40E4-894D-4C1475916DBB}.Debug.ActiveCfg = Debug|Win32
		{9827A01F-4603-40E4-894D-4C1475916DBB}.Debug.Build.0 = Debug|Win32
		{9827A01F-4603-40E4-894D-4C1475916DBB}.Release.ActiveCfg = Release|Win32
		{9827A01F-4603-40E4-894D-4C1475916DBB}.Release.Build.0 = Release|Win32
		{5C904CA5-AEBC-4E0A-A288-CD3006CB88E4}.Debug.ActiveCfg = Debug|Win32
		{5C904CA5-AEBC-4E0A-A288-CD3006CB88E4}.Debug.Build.0 = Debug|Win32
		{5C904CA5-AEBC-4E0A-A288-CD3006CB88E4}.Release.ActiveCfg = Release|Win32
		{5C904CA5-AEBC-4E0A-A288-CD3006CB88E4}.Release.Build.0 = Release|Win32
		{9B2C178D-C65C-4205-98DA-6A36EE9B1AAD}.Debug.ActiveCfg = Debug|Win32
		{9B2C178D-C65C-4205-98DA-6A36EE9B1AAD}.Debug.Build.0 = Debug|Win32
		{9B2C178D-C65C-4205-98DA-6A36EE9B1AAD}.Release.ActiveCfg = Release|Win32
		{9B2C178D-C65C-4205-98DA-6A36EE9B1AAD}.Release.Build.0 = Release|Win32
		{C6F00EF9-5F51-41FB-B0E1-8E6D0B83F859}.Debug.ActiveCfg = Debug|Win32
		{C6F00EF9-5F51-41FB-B0E1-8E6D0B83F859}.Debug.Build.0 = Debug|Win32
		{C6F00EF9-5F51-41FB-B0E1-8E6D0B83F859}.Release.ActiveCfg = Release|Win32
		{C6F00EF9-5F51-41FB-B0E1-8E6D0B83F859}.Release.Build.0 = Release|Win32
		{0D269194-4C57-4447-92E6-2079F976D6B8}.Debug.ActiveCfg = Debug|Win32
		{0D269194-4C57-4447-92E6-2079F976D6B8}.Debug.Build.0 = Debug|Win32
		{0D269194-4C57-4447-92E6-2079F976D6B8}.Release.ActiveCfg = Release|Win32
		{0D269194-4C57-4447-92E6-2079F976D6B8}.Release.Build.0 = Release|Win32
		{5A564CF9-3403-4C82-8CDE-7AD121CA111A}.Debug.ActiveCfg = Debug|Win32
		{5A564CF9-3403-4C82-8CDE-7AD121CA111A}.Debug.Build.0 = Debug|Win32
		{5A564CF9-3403-4C82-8CDE-7AD121CA111A}.Release.ActiveCfg = Release|Win32
		{5A564CF9-3403-4C82-8CDE-7AD121CA111A}.Release.Build.0 = Release|Win32
		{0BCEB9C7-C956-4B2C-B8C8-687106024D61}.Debug.ActiveCfg = Debug|Win32
		{0BCEB9C7-C956-4B2C-B8C8-687106024D61}.Debug.Build.0 = Debug|Win32
		{0BCEB9C7-C956-4B2C-B8C8-687106024D61}.Release.ActiveCfg = Release|Win32
		{0BCEB9C7-C956-4B2C-B8C8-687106024D61}.Release.Build.0 = Release|Win32
		{24F6BC66-E87F-4D9A-BA9F-A6906F6ABF9A}.Debug.ActiveCfg = Debug|Win32
		{24F6BC66-E87F-4D9A-BA9F-A6906F6ABF9A}.Debug.Build.0 = Debug|Win32
		{24F6BC66-E87F-4D9A-BA9F-A6906F6ABF9A}.Release.ActiveCfg = Release|Win32
		{24F6BC66-E87F-4D9A-BA9F-A6906F6ABF9A}.Release.Build.0 = Release|Win32
		{D44B4CEE-C9CD-474F-8FE3-439271E2250E}.Debug.ActiveCfg = Debug|Win32
		{D44B4CEE-C9CD-474F-8FE3-439271E2250E}.Debug.Build.0 = Debug|Win32
		{D44B4CEE-C9CD-474F-8FE3-439271E2250E}.Release.ActiveCfg = Release|Win32
		{D44B4CEE-C9CD-474F-8FE3-439271E2250E}.Release.Build.0 = Release|Win32
	EndGlobalSection
	GlobalSection(ExtensibilityGlobals) = postSolution
	EndGlobalSection
	GlobalSection(ExtensibilityAddIns) = postSolution
	EndGlobalSection
EndGlobal
